{
  "name": "voxel-world",
  "version": "1.0.0",
  "lockfileVersion": 1,
  "requires": true,
  "dependencies": {
    "@uncut/viewport": {
      "version": "git+https://github.com/luckydye/viewport.git#f1eb9e9e56d43ec20ffc56931c7590f5da7f06bf",
      "from": "git+https://github.com/luckydye/viewport.git",
      "requires": {
        "gl-matrix": "^3.0.0"
      }
    },
    "gl-matrix": {
      "version": "3.1.0",
      "resolved": "https://registry.npmjs.org/gl-matrix/-/gl-matrix-3.1.0.tgz",
      "integrity": "sha512-526NA+3EA+ztAQi0IZpSWiM0fyQXIp7IbRvfJ4wS/TjjQD0uv0fVybXwwqqSOlq33UckivI0yMDlVtboWm3k7A=="
    }
  }
}
